// !$*UTF8*$!
{
	archiveVersion = 1;
	classes = {
	};
	objectVersion = 56;
	objects = {

/* Begin PBXBuildFile section */
		04DD83542BC280B7004C26C6 /* AppDelegate.swift in Sources */ = {isa = PBXBuildFile; fileRef = 04DD83532BC280B7004C26C6 /* AppDelegate.swift */; };
		04DD83562BC280B7004C26C6 /* SceneDelegate.swift in Sources */ = {isa = PBXBuildFile; fileRef = 04DD83552BC280B7004C26C6 /* SceneDelegate.swift */; };
		04DD835D2BC280B8004C26C6 /* Assets.xcassets in Resources */ = {isa = PBXBuildFile; fileRef = 04DD835C2BC280B8004C26C6 /* Assets.xcassets */; };
		04DD83602BC280B8004C26C6 /* LaunchScreen.storyboard in Resources */ = {isa = PBXBuildFile; fileRef = 04DD835E2BC280B8004C26C6 /* LaunchScreen.storyboard */; };
		04DD836C2BC293EE004C26C6 /* FirebaseAuth in Frameworks */ = {isa = PBXBuildFile; productRef = 04DD836B2BC293EE004C26C6 /* FirebaseAuth */; };
		04DD836E2BC293EE004C26C6 /* FirebaseFirestore in Frameworks */ = {isa = PBXBuildFile; productRef = 04DD836D2BC293EE004C26C6 /* FirebaseFirestore */; };
		04DD83712BC29413004C26C6 /* GoogleSignIn in Frameworks */ = {isa = PBXBuildFile; productRef = 04DD83702BC29413004C26C6 /* GoogleSignIn */; };
		04DD83732BC29413004C26C6 /* GoogleSignInSwift in Frameworks */ = {isa = PBXBuildFile; productRef = 04DD83722BC29413004C26C6 /* GoogleSignInSwift */; };
		04DD837B2BC29AD5004C26C6 /* GoogleService-Info.plist in Resources */ = {isa = PBXBuildFile; fileRef = 04DD837A2BC29AD5004C26C6 /* GoogleService-Info.plist */; };
		04DD83842BC29C74004C26C6 /* AppleAuthService.swift in Sources */ = {isa = PBXBuildFile; fileRef = 04DD83832BC29C74004C26C6 /* AppleAuthService.swift */; };
		04DD83862BC29C98004C26C6 /* AuthServiceFactory.swift in Sources */ = {isa = PBXBuildFile; fileRef = 04DD83852BC29C98004C26C6 /* AuthServiceFactory.swift */; };
		04DD83882BC29CA7004C26C6 /* FirebaseAuthRepository.swift in Sources */ = {isa = PBXBuildFile; fileRef = 04DD83872BC29CA7004C26C6 /* FirebaseAuthRepository.swift */; };
		04DD838A2BC29CB2004C26C6 /* GoogleAuthService.swift in Sources */ = {isa = PBXBuildFile; fileRef = 04DD83892BC29CB2004C26C6 /* GoogleAuthService.swift */; };
		04DD838C2BC29CCB004C26C6 /* SyrupConfigurator.swift in Sources */ = {isa = PBXBuildFile; fileRef = 04DD838B2BC29CCB004C26C6 /* SyrupConfigurator.swift */; };
		04DD838E2BC29CDC004C26C6 /* UserModel.swift in Sources */ = {isa = PBXBuildFile; fileRef = 04DD838D2BC29CDC004C26C6 /* UserModel.swift */; };
		04DD83902BC29CEF004C26C6 /* UIImage+Resize.swift in Sources */ = {isa = PBXBuildFile; fileRef = 04DD838F2BC29CEF004C26C6 /* UIImage+Resize.swift */; };
		04DD83922BC29CFE004C26C6 /* Utilities.swift in Sources */ = {isa = PBXBuildFile; fileRef = 04DD83912BC29CFE004C26C6 /* Utilities.swift */; };
		04DD83942BC29D21004C26C6 /* SignInViewViewModel.swift in Sources */ = {isa = PBXBuildFile; fileRef = 04DD83932BC29D21004C26C6 /* SignInViewViewModel.swift */; };
		04DD83962BC29D3E004C26C6 /* ChannelListViewController.swift in Sources */ = {isa = PBXBuildFile; fileRef = 04DD83952BC29D3E004C26C6 /* ChannelListViewController.swift */; };
		04DD83982BC29D50004C26C6 /* SignInViewController.swift in Sources */ = {isa = PBXBuildFile; fileRef = 04DD83972BC29D50004C26C6 /* SignInViewController.swift */; };
		04DD839B2BC3D75F004C26C6 /* ChannelService.swift in Sources */ = {isa = PBXBuildFile; fileRef = 04DD839A2BC3D75F004C26C6 /* ChannelService.swift */; };
		04DD839E2BC3D785004C26C6 /* FirestoreRepository.swift in Sources */ = {isa = PBXBuildFile; fileRef = 04DD839D2BC3D785004C26C6 /* FirestoreRepository.swift */; };
		04DD83A02BC3D7C6004C26C6 /* ChannelListViewViewModel.swift in Sources */ = {isa = PBXBuildFile; fileRef = 04DD839F2BC3D7C6004C26C6 /* ChannelListViewViewModel.swift */; };
		04DD83A22BC3D7FF004C26C6 /* ChannelModel.swift in Sources */ = {isa = PBXBuildFile; fileRef = 04DD83A12BC3D7FF004C26C6 /* ChannelModel.swift */; };
		04DD83A42BCC1696004C26C6 /* TabBarController.swift in Sources */ = {isa = PBXBuildFile; fileRef = 04DD83A32BCC1696004C26C6 /* TabBarController.swift */; };
		04DD83A62BCC1B76004C26C6 /* SettingsViewController.swift in Sources */ = {isa = PBXBuildFile; fileRef = 04DD83A52BCC1B76004C26C6 /* SettingsViewController.swift */; };
		04DD83A82BD501EB004C26C6 /* CustomChannelCell.swift in Sources */ = {isa = PBXBuildFile; fileRef = 04DD83A72BD501EB004C26C6 /* CustomChannelCell.swift */; };
		04DD83AA2BD7C9E9004C26C6 /* DetailChannelViewController.swift in Sources */ = {isa = PBXBuildFile; fileRef = 04DD83A92BD7C9E9004C26C6 /* DetailChannelViewController.swift */; };
		04DD83AD2BD900EE004C26C6 /* DetailChannelViewViewModel.swift in Sources */ = {isa = PBXBuildFile; fileRef = 04DD83AC2BD900EE004C26C6 /* DetailChannelViewViewModel.swift */; };
/* End PBXBuildFile section */

/* Begin PBXFileReference section */
		04DD83502BC280B7004C26C6 /* syrup.app */ = {isa = PBXFileReference; explicitFileType = wrapper.application; includeInIndex = 0; path = syrup.app; sourceTree = BUILT_PRODUCTS_DIR; };
		04DD83532BC280B7004C26C6 /* AppDelegate.swift */ = {isa = PBXFileReference; lastKnownFileType = sourcecode.swift; path = AppDelegate.swift; sourceTree = "<group>"; };
		04DD83552BC280B7004C26C6 /* SceneDelegate.swift */ = {isa = PBXFileReference; lastKnownFileType = sourcecode.swift; path = SceneDelegate.swift; sourceTree = "<group>"; };
		04DD835C2BC280B8004C26C6 /* Assets.xcassets */ = {isa = PBXFileReference; lastKnownFileType = folder.assetcatalog; path = Assets.xcassets; sourceTree = "<group>"; };
		04DD835F2BC280B8004C26C6 /* Base */ = {isa = PBXFileReference; lastKnownFileType = file.storyboard; name = Base; path = Base.lproj/LaunchScreen.storyboard; sourceTree = "<group>"; };
		04DD83612BC280B8004C26C6 /* Info.plist */ = {isa = PBXFileReference; lastKnownFileType = text.plist.xml; path = Info.plist; sourceTree = "<group>"; };
		04DD83672BC28E91004C26C6 /* syrup.entitlements */ = {isa = PBXFileReference; lastKnownFileType = text.plist.entitlements; path = syrup.entitlements; sourceTree = "<group>"; };
		04DD837A2BC29AD5004C26C6 /* GoogleService-Info.plist */ = {isa = PBXFileReference; fileEncoding = 4; lastKnownFileType = text.plist.xml; path = "GoogleService-Info.plist"; sourceTree = "<group>"; };
		04DD83832BC29C74004C26C6 /* AppleAuthService.swift */ = {isa = PBXFileReference; lastKnownFileType = sourcecode.swift; path = AppleAuthService.swift; sourceTree = "<group>"; };
		04DD83852BC29C98004C26C6 /* AuthServiceFactory.swift */ = {isa = PBXFileReference; lastKnownFileType = sourcecode.swift; path = AuthServiceFactory.swift; sourceTree = "<group>"; };
		04DD83872BC29CA7004C26C6 /* FirebaseAuthRepository.swift */ = {isa = PBXFileReference; lastKnownFileType = sourcecode.swift; path = FirebaseAuthRepository.swift; sourceTree = "<group>"; };
		04DD83892BC29CB2004C26C6 /* GoogleAuthService.swift */ = {isa = PBXFileReference; lastKnownFileType = sourcecode.swift; path = GoogleAuthService.swift; sourceTree = "<group>"; };
		04DD838B2BC29CCB004C26C6 /* SyrupConfigurator.swift */ = {isa = PBXFileReference; lastKnownFileType = sourcecode.swift; path = SyrupConfigurator.swift; sourceTree = "<group>"; };
		04DD838D2BC29CDC004C26C6 /* UserModel.swift */ = {isa = PBXFileReference; lastKnownFileType = sourcecode.swift; path = UserModel.swift; sourceTree = "<group>"; };
		04DD838F2BC29CEF004C26C6 /* UIImage+Resize.swift */ = {isa = PBXFileReference; lastKnownFileType = sourcecode.swift; path = "UIImage+Resize.swift"; sourceTree = "<group>"; };
		04DD83912BC29CFE004C26C6 /* Utilities.swift */ = {isa = PBXFileReference; lastKnownFileType = sourcecode.swift; path = Utilities.swift; sourceTree = "<group>"; };
		04DD83932BC29D21004C26C6 /* SignInViewViewModel.swift */ = {isa = PBXFileReference; lastKnownFileType = sourcecode.swift; path = SignInViewViewModel.swift; sourceTree = "<group>"; };
		04DD83952BC29D3E004C26C6 /* ChannelListViewController.swift */ = {isa = PBXFileReference; lastKnownFileType = sourcecode.swift; path = ChannelListViewController.swift; sourceTree = "<group>"; };
		04DD83972BC29D50004C26C6 /* SignInViewController.swift */ = {isa = PBXFileReference; lastKnownFileType = sourcecode.swift; path = SignInViewController.swift; sourceTree = "<group>"; };
		04DD839A2BC3D75F004C26C6 /* ChannelService.swift */ = {isa = PBXFileReference; lastKnownFileType = sourcecode.swift; path = ChannelService.swift; sourceTree = "<group>"; };
		04DD839D2BC3D785004C26C6 /* FirestoreRepository.swift */ = {isa = PBXFileReference; lastKnownFileType = sourcecode.swift; path = FirestoreRepository.swift; sourceTree = "<group>"; };
		04DD839F2BC3D7C6004C26C6 /* ChannelListViewViewModel.swift */ = {isa = PBXFileReference; lastKnownFileType = sourcecode.swift; path = ChannelListViewViewModel.swift; sourceTree = "<group>"; };
		04DD83A12BC3D7FF004C26C6 /* ChannelModel.swift */ = {isa = PBXFileReference; lastKnownFileType = sourcecode.swift; path = ChannelModel.swift; sourceTree = "<group>"; };
		04DD83A32BCC1696004C26C6 /* TabBarController.swift */ = {isa = PBXFileReference; lastKnownFileType = sourcecode.swift; path = TabBarController.swift; sourceTree = "<group>"; };
		04DD83A52BCC1B76004C26C6 /* SettingsViewController.swift */ = {isa = PBXFileReference; lastKnownFileType = sourcecode.swift; path = SettingsViewController.swift; sourceTree = "<group>"; };
		04DD83A72BD501EB004C26C6 /* CustomChannelCell.swift */ = {isa = PBXFileReference; lastKnownFileType = sourcecode.swift; path = CustomChannelCell.swift; sourceTree = "<group>"; };
		04DD83A92BD7C9E9004C26C6 /* DetailChannelViewController.swift */ = {isa = PBXFileReference; lastKnownFileType = sourcecode.swift; path = DetailChannelViewController.swift; sourceTree = "<group>"; };
		04DD83AC2BD900EE004C26C6 /* DetailChannelViewViewModel.swift */ = {isa = PBXFileReference; lastKnownFileType = sourcecode.swift; path = DetailChannelViewViewModel.swift; sourceTree = "<group>"; };
/* End PBXFileReference section */

/* Begin PBXFrameworksBuildPhase section */
		04DD834D2BC280B7004C26C6 /* Frameworks */ = {
			isa = PBXFrameworksBuildPhase;
			buildActionMask = 2147483647;
			files = (
				04DD836C2BC293EE004C26C6 /* FirebaseAuth in Frameworks */,
				04DD836E2BC293EE004C26C6 /* FirebaseFirestore in Frameworks */,
				04DD83712BC29413004C26C6 /* GoogleSignIn in Frameworks */,
				04DD83732BC29413004C26C6 /* GoogleSignInSwift in Frameworks */,
			);
			runOnlyForDeploymentPostprocessing = 0;
		};
/* End PBXFrameworksBuildPhase section */

/* Begin PBXGroup section */
		04DD83472BC280B7004C26C6 = {
			isa = PBXGroup;
			children = (
				04DD83522BC280B7004C26C6 /* syrup */,
				04DD83512BC280B7004C26C6 /* Products */,
			);
			sourceTree = "<group>";
		};
		04DD83512BC280B7004C26C6 /* Products */ = {
			isa = PBXGroup;
			children = (
				04DD83502BC280B7004C26C6 /* syrup.app */,
			);
			name = Products;
			sourceTree = "<group>";
		};
		04DD83522BC280B7004C26C6 /* syrup */ = {
			isa = PBXGroup;
			children = (
				04DD839C2BC3D77B004C26C6 /* Store */,
				04DD83992BC3D74D004C26C6 /* Channel */,
				04DD83822BC29C19004C26C6 /* Models */,
				04DD83812BC29C12004C26C6 /* App */,
				04DD83802BC29C0C004C26C6 /* Auth */,
				04DD837F2BC29C05004C26C6 /* Config */,
				04DD837E2BC29BFF004C26C6 /* Utilities */,
				04DD837D2BC29BF4004C26C6 /* ViewModels */,
				04DD837C2BC29BC5004C26C6 /* Views */,
				04DD83672BC28E91004C26C6 /* syrup.entitlements */,
				04DD835C2BC280B8004C26C6 /* Assets.xcassets */,
				04DD835E2BC280B8004C26C6 /* LaunchScreen.storyboard */,
				04DD83612BC280B8004C26C6 /* Info.plist */,
				04DD837A2BC29AD5004C26C6 /* GoogleService-Info.plist */,
			);
			path = syrup;
			sourceTree = "<group>";
		};
		04DD837C2BC29BC5004C26C6 /* Views */ = {
			isa = PBXGroup;
			children = (
				04DD83952BC29D3E004C26C6 /* ChannelListViewController.swift */,
				04DD83972BC29D50004C26C6 /* SignInViewController.swift */,
				04DD83A32BCC1696004C26C6 /* TabBarController.swift */,
				04DD83A52BCC1B76004C26C6 /* SettingsViewController.swift */,
				04DD83A72BD501EB004C26C6 /* CustomChannelCell.swift */,
				04DD83A92BD7C9E9004C26C6 /* DetailChannelViewController.swift */,
			);
			path = Views;
			sourceTree = "<group>";
		};
		04DD837D2BC29BF4004C26C6 /* ViewModels */ = {
			isa = PBXGroup;
			children = (
				04DD83932BC29D21004C26C6 /* SignInViewViewModel.swift */,
				04DD839F2BC3D7C6004C26C6 /* ChannelListViewViewModel.swift */,
				04DD83AC2BD900EE004C26C6 /* DetailChannelViewViewModel.swift */,
			);
			path = ViewModels;
			sourceTree = "<group>";
		};
		04DD837E2BC29BFF004C26C6 /* Utilities */ = {
			isa = PBXGroup;
			children = (
				04DD838F2BC29CEF004C26C6 /* UIImage+Resize.swift */,
				04DD83912BC29CFE004C26C6 /* Utilities.swift */,
			);
			path = Utilities;
			sourceTree = "<group>";
		};
		04DD837F2BC29C05004C26C6 /* Config */ = {
			isa = PBXGroup;
			children = (
				04DD838B2BC29CCB004C26C6 /* SyrupConfigurator.swift */,
			);
			path = Config;
			sourceTree = "<group>";
		};
		04DD83802BC29C0C004C26C6 /* Auth */ = {
			isa = PBXGroup;
			children = (
				04DD83832BC29C74004C26C6 /* AppleAuthService.swift */,
				04DD83852BC29C98004C26C6 /* AuthServiceFactory.swift */,
				04DD83872BC29CA7004C26C6 /* FirebaseAuthRepository.swift */,
				04DD83892BC29CB2004C26C6 /* GoogleAuthService.swift */,
			);
			path = Auth;
			sourceTree = "<group>";
		};
		04DD83812BC29C12004C26C6 /* App */ = {
			isa = PBXGroup;
			children = (
				04DD83532BC280B7004C26C6 /* AppDelegate.swift */,
				04DD83552BC280B7004C26C6 /* SceneDelegate.swift */,
			);
			path = App;
			sourceTree = "<group>";
		};
		04DD83822BC29C19004C26C6 /* Models */ = {
			isa = PBXGroup;
			children = (
				04DD838D2BC29CDC004C26C6 /* UserModel.swift */,
				04DD83A12BC3D7FF004C26C6 /* ChannelModel.swift */,
			);
			path = Models;
			sourceTree = "<group>";
		};
		04DD83992BC3D74D004C26C6 /* Channel */ = {
			isa = PBXGroup;
			children = (
				04DD839A2BC3D75F004C26C6 /* ChannelService.swift */,
			);
			path = Channel;
			sourceTree = "<group>";
		};
		04DD839C2BC3D77B004C26C6 /* Store */ = {
			isa = PBXGroup;
			children = (
				04DD839D2BC3D785004C26C6 /* FirestoreRepository.swift */,
			);
			path = Store;
			sourceTree = "<group>";
		};
/* End PBXGroup section */

/* Begin PBXNativeTarget section */
		04DD834F2BC280B7004C26C6 /* syrup */ = {
			isa = PBXNativeTarget;
			buildConfigurationList = 04DD83642BC280B8004C26C6 /* Build configuration list for PBXNativeTarget "syrup" */;
			buildPhases = (
				04DD834C2BC280B7004C26C6 /* Sources */,
				04DD834D2BC280B7004C26C6 /* Frameworks */,
				04DD834E2BC280B7004C26C6 /* Resources */,
			);
			buildRules = (
			);
			dependencies = (
			);
			name = syrup;
			packageProductDependencies = (
				04DD836B2BC293EE004C26C6 /* FirebaseAuth */,
				04DD836D2BC293EE004C26C6 /* FirebaseFirestore */,
				04DD83702BC29413004C26C6 /* GoogleSignIn */,
				04DD83722BC29413004C26C6 /* GoogleSignInSwift */,
			);
			productName = syrup;
			productReference = 04DD83502BC280B7004C26C6 /* syrup.app */;
			productType = "com.apple.product-type.application";
		};
/* End PBXNativeTarget section */

/* Begin PBXProject section */
		04DD83482BC280B7004C26C6 /* Project object */ = {
			isa = PBXProject;
			attributes = {
				BuildIndependentTargetsInParallel = 1;
				LastSwiftUpdateCheck = 1430;
				LastUpgradeCheck = 1430;
				TargetAttributes = {
					04DD834F2BC280B7004C26C6 = {
						CreatedOnToolsVersion = 14.3.1;
					};
				};
			};
			buildConfigurationList = 04DD834B2BC280B7004C26C6 /* Build configuration list for PBXProject "syrup" */;
			compatibilityVersion = "Xcode 14.0";
			developmentRegion = en;
			hasScannedForEncodings = 0;
			knownRegions = (
				en,
				Base,
			);
			mainGroup = 04DD83472BC280B7004C26C6;
			packageReferences = (
				04DD836A2BC293ED004C26C6 /* XCRemoteSwiftPackageReference "firebase-ios-sdk" */,
				04DD836F2BC29413004C26C6 /* XCRemoteSwiftPackageReference "GoogleSignIn-iOS" */,
			);
			productRefGroup = 04DD83512BC280B7004C26C6 /* Products */;
			projectDirPath = "";
			projectRoot = "";
			targets = (
				04DD834F2BC280B7004C26C6 /* syrup */,
			);
		};
/* End PBXProject section */

/* Begin PBXResourcesBuildPhase section */
		04DD834E2BC280B7004C26C6 /* Resources */ = {
			isa = PBXResourcesBuildPhase;
			buildActionMask = 2147483647;
			files = (
				04DD83602BC280B8004C26C6 /* LaunchScreen.storyboard in Resources */,
				04DD835D2BC280B8004C26C6 /* Assets.xcassets in Resources */,
				04DD837B2BC29AD5004C26C6 /* GoogleService-Info.plist in Resources */,
			);
			runOnlyForDeploymentPostprocessing = 0;
		};
/* End PBXResourcesBuildPhase section */

/* Begin PBXSourcesBuildPhase section */
		04DD834C2BC280B7004C26C6 /* Sources */ = {
			isa = PBXSourcesBuildPhase;
			buildActionMask = 2147483647;
			files = (
				04DD83982BC29D50004C26C6 /* SignInViewController.swift in Sources */,
				04DD839E2BC3D785004C26C6 /* FirestoreRepository.swift in Sources */,
				04DD839B2BC3D75F004C26C6 /* ChannelService.swift in Sources */,
				04DD83A42BCC1696004C26C6 /* TabBarController.swift in Sources */,
				04DD83962BC29D3E004C26C6 /* ChannelListViewController.swift in Sources */,
				04DD83A62BCC1B76004C26C6 /* SettingsViewController.swift in Sources */,
				04DD83A82BD501EB004C26C6 /* CustomChannelCell.swift in Sources */,
				04DD838C2BC29CCB004C26C6 /* SyrupConfigurator.swift in Sources */,
				04DD83A02BC3D7C6004C26C6 /* ChannelListViewViewModel.swift in Sources */,
				04DD83922BC29CFE004C26C6 /* Utilities.swift in Sources */,
				04DD83542BC280B7004C26C6 /* AppDelegate.swift in Sources */,
				04DD83902BC29CEF004C26C6 /* UIImage+Resize.swift in Sources */,
				04DD83AD2BD900EE004C26C6 /* DetailChannelViewViewModel.swift in Sources */,
				04DD83AA2BD7C9E9004C26C6 /* DetailChannelViewController.swift in Sources */,
				04DD83882BC29CA7004C26C6 /* FirebaseAuthRepository.swift in Sources */,
				04DD83A22BC3D7FF004C26C6 /* ChannelModel.swift in Sources */,
				04DD83842BC29C74004C26C6 /* AppleAuthService.swift in Sources */,
				04DD838A2BC29CB2004C26C6 /* GoogleAuthService.swift in Sources */,
				04DD83862BC29C98004C26C6 /* AuthServiceFactory.swift in Sources */,
				04DD838E2BC29CDC004C26C6 /* UserModel.swift in Sources */,
				04DD83562BC280B7004C26C6 /* SceneDelegate.swift in Sources */,
				04DD83942BC29D21004C26C6 /* SignInViewViewModel.swift in Sources */,
			);
			runOnlyForDeploymentPostprocessing = 0;
		};
/* End PBXSourcesBuildPhase section */

/* Begin PBXVariantGroup section */
		04DD835E2BC280B8004C26C6 /* LaunchScreen.storyboard */ = {
			isa = PBXVariantGroup;
			children = (
				04DD835F2BC280B8004C26C6 /* Base */,
			);
			name = LaunchScreen.storyboard;
			sourceTree = "<group>";
		};
/* End PBXVariantGroup section */

/* Begin XCBuildConfiguration section */
		04DD83622BC280B8004C26C6 /* Debug */ = {
			isa = XCBuildConfiguration;
			buildSettings = {
				ALWAYS_SEARCH_USER_PATHS = NO;
				CLANG_ANALYZER_NONNULL = YES;
				CLANG_ANALYZER_NUMBER_OBJECT_CONVERSION = YES_AGGRESSIVE;
				CLANG_CXX_LANGUAGE_STANDARD = "gnu++20";
				CLANG_ENABLE_MODULES = YES;
				CLANG_ENABLE_OBJC_ARC = YES;
				CLANG_ENABLE_OBJC_WEAK = YES;
				CLANG_WARN_BLOCK_CAPTURE_AUTORELEASING = YES;
				CLANG_WARN_BOOL_CONVERSION = YES;
				CLANG_WARN_COMMA = YES;
				CLANG_WARN_CONSTANT_CONVERSION = YES;
				CLANG_WARN_DEPRECATED_OBJC_IMPLEMENTATIONS = YES;
				CLANG_WARN_DIRECT_OBJC_ISA_USAGE = YES_ERROR;
				CLANG_WARN_DOCUMENTATION_COMMENTS = YES;
				CLANG_WARN_EMPTY_BODY = YES;
				CLANG_WARN_ENUM_CONVERSION = YES;
				CLANG_WARN_INFINITE_RECURSION = YES;
				CLANG_WARN_INT_CONVERSION = YES;
				CLANG_WARN_NON_LITERAL_NULL_CONVERSION = YES;
				CLANG_WARN_OBJC_IMPLICIT_RETAIN_SELF = YES;
				CLANG_WARN_OBJC_LITERAL_CONVERSION = YES;
				CLANG_WARN_OBJC_ROOT_CLASS = YES_ERROR;
				CLANG_WARN_QUOTED_INCLUDE_IN_FRAMEWORK_HEADER = YES;
				CLANG_WARN_RANGE_LOOP_ANALYSIS = YES;
				CLANG_WARN_STRICT_PROTOTYPES = YES;
				CLANG_WARN_SUSPICIOUS_MOVE = YES;
				CLANG_WARN_UNGUARDED_AVAILABILITY = YES_AGGRESSIVE;
				CLANG_WARN_UNREACHABLE_CODE = YES;
				CLANG_WARN__DUPLICATE_METHOD_MATCH = YES;
				COPY_PHASE_STRIP = NO;
				DEBUG_INFORMATION_FORMAT = dwarf;
				ENABLE_STRICT_OBJC_MSGSEND = YES;
				ENABLE_TESTABILITY = YES;
				GCC_C_LANGUAGE_STANDARD = gnu11;
				GCC_DYNAMIC_NO_PIC = NO;
				GCC_NO_COMMON_BLOCKS = YES;
				GCC_OPTIMIZATION_LEVEL = 0;
				GCC_PREPROCESSOR_DEFINITIONS = (
					"DEBUG=1",
					"$(inherited)",
				);
				GCC_WARN_64_TO_32_BIT_CONVERSION = YES;
				GCC_WARN_ABOUT_RETURN_TYPE = YES_ERROR;
				GCC_WARN_UNDECLARED_SELECTOR = YES;
				GCC_WARN_UNINITIALIZED_AUTOS = YES_AGGRESSIVE;
				GCC_WARN_UNUSED_FUNCTION = YES;
				GCC_WARN_UNUSED_VARIABLE = YES;
				IPHONEOS_DEPLOYMENT_TARGET = 16.4;
				MTL_ENABLE_DEBUG_INFO = INCLUDE_SOURCE;
				MTL_FAST_MATH = YES;
				ONLY_ACTIVE_ARCH = YES;
				SDKROOT = iphoneos;
				SWIFT_ACTIVE_COMPILATION_CONDITIONS = DEBUG;
				SWIFT_OPTIMIZATION_LEVEL = "-Onone";
			};
			name = Debug;
		};
		04DD83632BC280B8004C26C6 /* Release */ = {
			isa = XCBuildConfiguration;
			buildSettings = {
				ALWAYS_SEARCH_USER_PATHS = NO;
				CLANG_ANALYZER_NONNULL = YES;
				CLANG_ANALYZER_NUMBER_OBJECT_CONVERSION = YES_AGGRESSIVE;
				CLANG_CXX_LANGUAGE_STANDARD = "gnu++20";
				CLANG_ENABLE_MODULES = YES;
				CLANG_ENABLE_OBJC_ARC = YES;
				CLANG_ENABLE_OBJC_WEAK = YES;
				CLANG_WARN_BLOCK_CAPTURE_AUTORELEASING = YES;
				CLANG_WARN_BOOL_CONVERSION = YES;
				CLANG_WARN_COMMA = YES;
				CLANG_WARN_CONSTANT_CONVERSION = YES;
				CLANG_WARN_DEPRECATED_OBJC_IMPLEMENTATIONS = YES;
				CLANG_WARN_DIRECT_OBJC_ISA_USAGE = YES_ERROR;
				CLANG_WARN_DOCUMENTATION_COMMENTS = YES;
				CLANG_WARN_EMPTY_BODY = YES;
				CLANG_WARN_ENUM_CONVERSION = YES;
				CLANG_WARN_INFINITE_RECURSION = YES;
				CLANG_WARN_INT_CONVERSION = YES;
				CLANG_WARN_NON_LITERAL_NULL_CONVERSION = YES;
				CLANG_WARN_OBJC_IMPLICIT_RETAIN_SELF = YES;
				CLANG_WARN_OBJC_LITERAL_CONVERSION = YES;
				CLANG_WARN_OBJC_ROOT_CLASS = YES_ERROR;
				CLANG_WARN_QUOTED_INCLUDE_IN_FRAMEWORK_HEADER = YES;
				CLANG_WARN_RANGE_LOOP_ANALYSIS = YES;
				CLANG_WARN_STRICT_PROTOTYPES = YES;
				CLANG_WARN_SUSPICIOUS_MOVE = YES;
				CLANG_WARN_UNGUARDED_AVAILABILITY = YES_AGGRESSIVE;
				CLANG_WARN_UNREACHABLE_CODE = YES;
				CLANG_WARN__DUPLICATE_METHOD_MATCH = YES;
				COPY_PHASE_STRIP = NO;
				DEBUG_INFORMATION_FORMAT = "dwarf-with-dsym";
				ENABLE_NS_ASSERTIONS = NO;
				ENABLE_STRICT_OBJC_MSGSEND = YES;
				GCC_C_LANGUAGE_STANDARD = gnu11;
				GCC_NO_COMMON_BLOCKS = YES;
				GCC_WARN_64_TO_32_BIT_CONVERSION = YES;
				GCC_WARN_ABOUT_RETURN_TYPE = YES_ERROR;
				GCC_WARN_UNDECLARED_SELECTOR = YES;
				GCC_WARN_UNINITIALIZED_AUTOS = YES_AGGRESSIVE;
				GCC_WARN_UNUSED_FUNCTION = YES;
				GCC_WARN_UNUSED_VARIABLE = YES;
				IPHONEOS_DEPLOYMENT_TARGET = 16.4;
				MTL_ENABLE_DEBUG_INFO = NO;
				MTL_FAST_MATH = YES;
				SDKROOT = iphoneos;
				SWIFT_COMPILATION_MODE = wholemodule;
				SWIFT_OPTIMIZATION_LEVEL = "-O";
				VALIDATE_PRODUCT = YES;
			};
			name = Release;
		};
		04DD83652BC280B8004C26C6 /* Debug */ = {
			isa = XCBuildConfiguration;
			buildSettings = {
				ASSETCATALOG_COMPILER_APPICON_NAME = AppIcon;
				ASSETCATALOG_COMPILER_GLOBAL_ACCENT_COLOR_NAME = AccentColor;
				CODE_SIGN_ENTITLEMENTS = syrup/syrup.entitlements;
				CODE_SIGN_STYLE = Automatic;
				CURRENT_PROJECT_VERSION = 1;
				DEVELOPMENT_TEAM = 39KXYRGWHY;
				GENERATE_INFOPLIST_FILE = YES;
				INFOPLIST_FILE = syrup/Info.plist;
				INFOPLIST_KEY_UIApplicationSupportsIndirectInputEvents = YES;
				INFOPLIST_KEY_UILaunchStoryboardName = LaunchScreen;
				INFOPLIST_KEY_UISupportedInterfaceOrientations = UIInterfaceOrientationPortrait;
				INFOPLIST_KEY_UISupportedInterfaceOrientations_iPad = "UIInterfaceOrientationLandscapeLeft UIInterfaceOrientationLandscapeRight UIInterfaceOrientationPortrait UIInterfaceOrientationPortraitUpsideDown";
				IPHONEOS_DEPLOYMENT_TARGET = 15.0;
				LD_RUNPATH_SEARCH_PATHS = (
					"$(inherited)",
					"@executable_path/Frameworks",
				);
				MARKETING_VERSION = 1.0;
				PRODUCT_BUNDLE_IDENTIFIER = com.Phoenix.syrupios;
				PRODUCT_NAME = "$(TARGET_NAME)";
				SUPPORTED_PLATFORMS = "iphoneos iphonesimulator";
				SUPPORTS_MACCATALYST = NO;
				SUPPORTS_MAC_DESIGNED_FOR_IPHONE_IPAD = NO;
				SWIFT_EMIT_LOC_STRINGS = YES;
				SWIFT_VERSION = 5.0;
				TARGETED_DEVICE_FAMILY = 1;
			};
			name = Debug;
		};
		04DD83662BC280B8004C26C6 /* Release */ = {
			isa = XCBuildConfiguration;
			buildSettings = {
				ASSETCATALOG_COMPILER_APPICON_NAME = AppIcon;
				ASSETCATALOG_COMPILER_GLOBAL_ACCENT_COLOR_NAME = AccentColor;
				CODE_SIGN_ENTITLEMENTS = syrup/syrup.entitlements;
				CODE_SIGN_STYLE = Automatic;
				CURRENT_PROJECT_VERSION = 1;
				DEVELOPMENT_TEAM = 39KXYRGWHY;
				GENERATE_INFOPLIST_FILE = YES;
				INFOPLIST_FILE = syrup/Info.plist;
				INFOPLIST_KEY_UIApplicationSupportsIndirectInputEvents = YES;
				INFOPLIST_KEY_UILaunchStoryboardName = LaunchScreen;
				INFOPLIST_KEY_UISupportedInterfaceOrientations = UIInterfaceOrientationPortrait;
				INFOPLIST_KEY_UISupportedInterfaceOrientations_iPad = "UIInterfaceOrientationLandscapeLeft UIInterfaceOrientationLandscapeRight UIInterfaceOrientationPortrait UIInterfaceOrientationPortraitUpsideDown";
				IPHONEOS_DEPLOYMENT_TARGET = 15.0;
				LD_RUNPATH_SEARCH_PATHS = (
					"$(inherited)",
					"@executable_path/Frameworks",
				);
				MARKETING_VERSION = 1.0;
				PRODUCT_BUNDLE_IDENTIFIER = com.Phoenix.syrupios;
				PRODUCT_NAME = "$(TARGET_NAME)";
				SUPPORTED_PLATFORMS = "iphoneos iphonesimulator";
				SUPPORTS_MACCATALYST = NO;
				SUPPORTS_MAC_DESIGNED_FOR_IPHONE_IPAD = NO;
				SWIFT_EMIT_LOC_STRINGS = YES;
				SWIFT_VERSION = 5.0;
				TARGETED_DEVICE_FAMILY = 1;
			};
			name = Release;
		};
/* End XCBuildConfiguration section */

/* Begin XCConfigurationList section */
		04DD834B2BC280B7004C26C6 /* Build configuration list for PBXProject "syrup" */ = {
			isa = XCConfigurationList;
			buildConfigurations = (
				04DD83622BC280B8004C26C6 /* Debug */,
				04DD83632BC280B8004C26C6 /* Release */,
			);
			defaultConfigurationIsVisible = 0;
			defaultConfigurationName = Release;
		};
		04DD83642BC280B8004C26C6 /* Build configuration list for PBXNativeTarget "syrup" */ = {
			isa = XCConfigurationList;
			buildConfigurations = (
				04DD83652BC280B8004C26C6 /* Debug */,
				04DD83662BC280B8004C26C6 /* Release */,
			);
			defaultConfigurationIsVisible = 0;
			defaultConfigurationName = Release;
		};
/* End XCConfigurationList section */

/* Begin XCRemoteSwiftPackageReference section */
		04DD836A2BC293ED004C26C6 /* XCRemoteSwiftPackageReference "firebase-ios-sdk" */ = {
			isa = XCRemoteSwiftPackageReference;
			repositoryURL = "https://github.com/firebase/firebase-ios-sdk";
			requirement = {
				kind = upToNextMajorVersion;
				minimumVersion = 10.0.0;
			};
		};
		04DD836F2BC29413004C26C6 /* XCRemoteSwiftPackageReference "GoogleSignIn-iOS" */ = {
			isa = XCRemoteSwiftPackageReference;
			repositoryURL = "https://github.com/google/GoogleSignIn-iOS.git";
			requirement = {
				kind = upToNextMajorVersion;
				minimumVersion = 7.0.0;
			};
		};
/* End XCRemoteSwiftPackageReference section */

/* Begin XCSwiftPackageProductDependency section */
		04DD836B2BC293EE004C26C6 /* FirebaseAuth */ = {
			isa = XCSwiftPackageProductDependency;
			package = 04DD836A2BC293ED004C26C6 /* XCRemoteSwiftPackageReference "firebase-ios-sdk" */;
			productName = FirebaseAuth;
		};
		04DD836D2BC293EE004C26C6 /* FirebaseFirestore */ = {
			isa = XCSwiftPackageProductDependency;
			package = 04DD836A2BC293ED004C26C6 /* XCRemoteSwiftPackageReference "firebase-ios-sdk" */;
			productName = FirebaseFirestore;
		};
		04DD83702BC29413004C26C6 /* GoogleSignIn */ = {
			isa = XCSwiftPackageProductDependency;
			package = 04DD836F2BC29413004C26C6 /* XCRemoteSwiftPackageReference "GoogleSignIn-iOS" */;
			productName = GoogleSignIn;
		};
		04DD83722BC29413004C26C6 /* GoogleSignInSwift */ = {
			isa = XCSwiftPackageProductDependency;
			package = 04DD836F2BC29413004C26C6 /* XCRemoteSwiftPackageReference "GoogleSignIn-iOS" */;
			productName = GoogleSignInSwift;
		};
/* End XCSwiftPackageProductDependency section */
	};
	rootObject = 04DD83482BC280B7004C26C6 /* Project object */;
}
